
Microsoft Visual Studio Solution File, Format Version 12.00
# Visual Studio Version 17
VisualStudioVersion = 17.0.31903.59
MinimumVisualStudioVersion = 10.0.40219.1
Project("{9A19103F-16F7-4668-BE54-9A1E7A4F7556}") = "SpaceBattle.Lib", "SpaceBattle.Lib\SpaceBattle.Lib.csproj", "{7BF1F8F3-C680-4F38-B65B-7C229A303D8F}"
EndProject
Project("{9A19103F-16F7-4668-BE54-9A1E7A4F7556}") = "SpaceBattle.Lib.Tests", "SpaceBattle.Lib.Tests\SpaceBattle.Lib.Tests.csproj", "{2B7DEEF1-7C8F-4A8C-A618-C9229A778A66}"
EndProject
Project("{2150E333-8FDC-42A3-9474-1A3956D46DE8}") = "test", "test", "{121F26CD-4C34-4047-8072-E2F5C89F1A87}"
EndProject
Project("{FAE04EC0-301F-11D3-BF4B-00C04F79EFBC}") = "WebHttp", "WebHttp\WebHttp.csproj", "{4794D930-2823-4D5C-9847-5DFD7C19CDDE}"
EndProject
Global
	GlobalSection(SolutionConfigurationPlatforms) = preSolution
		Debug|Any CPU = Debug|Any CPU
		Release|Any CPU = Release|Any CPU
	EndGlobalSection
	GlobalSection(ProjectConfigurationPlatforms) = postSolution
		{7BF1F8F3-C680-4F38-B65B-7C229A303D8F}.Debug|Any CPU.ActiveCfg = Debug|Any CPU
		{7BF1F8F3-C680-4F38-B65B-7C229A303D8F}.Debug|Any CPU.Build.0 = Debug|Any CPU
		{7BF1F8F3-C680-4F38-B65B-7C229A303D8F}.Release|Any CPU.ActiveCfg = Release|Any CPU
		{7BF1F8F3-C680-4F38-B65B-7C229A303D8F}.Release|Any CPU.Build.0 = Release|Any CPU
		{2B7DEEF1-7C8F-4A8C-A618-C9229A778A66}.Debug|Any CPU.ActiveCfg = Debug|Any CPU
		{2B7DEEF1-7C8F-4A8C-A618-C9229A778A66}.Debug|Any CPU.Build.0 = Debug|Any CPU
		{2B7DEEF1-7C8F-4A8C-A618-C9229A778A66}.Release|Any CPU.ActiveCfg = Release|Any CPU
		{2B7DEEF1-7C8F-4A8C-A618-C9229A778A66}.Release|Any CPU.Build.0 = Release|Any CPU
		{4794D930-2823-4D5C-9847-5DFD7C19CDDE}.Debug|Any CPU.ActiveCfg = Debug|Any CPU
		{4794D930-2823-4D5C-9847-5DFD7C19CDDE}.Debug|Any CPU.Build.0 = Debug|Any CPU
		{4794D930-2823-4D5C-9847-5DFD7C19CDDE}.Release|Any CPU.ActiveCfg = Release|Any CPU
		{4794D930-2823-4D5C-9847-5DFD7C19CDDE}.Release|Any CPU.Build.0 = Release|Any CPU
	EndGlobalSection
	GlobalSection(SolutionProperties) = preSolution
		HideSolutionNode = FALSE
	EndGlobalSection
	GlobalSection(ExtensibilityGlobals) = postSolution
		SolutionGuid = {372C8E6C-F2FE-4B0F-850E-6D06A4BC5B25}
	EndGlobalSection
EndGlobal
